PODS:
  - CKTableViewTransactionalDataSource (0.1.1):
    - ComponentKit (~> 0.2)
  - ComponentKit (0.15.1)
  - ComponentSwift (0.3):
    - CKTableViewTransactionalDataSource (~> 0.1.0)
    - ComponentKit (~> 0.15.0)
  - WrapExisted (0.0.1):
    - ComponentSwift

DEPENDENCIES:
  - ComponentKit
  - ComponentSwift (from `../`)
  - WrapExisted (from `./WrapExisted`)

EXTERNAL SOURCES:
  ComponentSwift:
    :path: "../"
  WrapExisted:
    :path: "./WrapExisted"

SPEC CHECKSUMS:
  CKTableViewTransactionalDataSource: 8ed793a62a7602e9be76c5a0ab1597f27bb435ab
  ComponentKit: beef88630f344efb8344fe40fc6fc7c1732b68c8
  ComponentSwift: 1204652b8e17c40fc444500744f0a4a3d355445c
  WrapExisted: 314e296d1445a284c31d6d75aabdb7b4c62c41bd

PODFILE CHECKSUM: 00b1b9bb8109730b3adc9f47a6cf90c92fd44213

COCOAPODS: 1.2.1
